
Microsoft Visual Studio Solution File, Format Version 12.00
# Visual Studio Version 16
VisualStudioVersion = 16.0.32901.82
MinimumVisualStudioVersion = 10.0.40219.1
Project("{FAE04EC0-301F-11D3-BF4B-00C04F79EFBC}") = "SaleDetails", "SaleDetails\SaleDetails.csproj", "{D357412B-5503-45FF-B282-99EB52521C37}"
EndProject
Global
	GlobalSection(SolutionConfigurationPlatforms) = preSolution
		Debug|Any CPU = Debug|Any CPU
		Release|Any CPU = Release|Any CPU
	EndGlobalSection
	GlobalSection(ProjectConfigurationPlatforms) = postSolution
		{D357412B-5503-45FF-B282-99EB52521C37}.Debug|Any CPU.ActiveCfg = Debug|Any CPU
		{D357412B-5503-45FF-B282-99EB52521C37}.Debug|Any CPU.Build.0 = Debug|Any CPU
		{D357412B-5503-45FF-B282-99EB52521C37}.Release|Any CPU.ActiveCfg = Release|Any CPU
		{D357412B-5503-45FF-B282-99EB52521C37}.Release|Any CPU.Build.0 = Release|Any CPU
	EndGlobalSection
	GlobalSection(SolutionProperties) = preSolution
		HideSolutionNode = FALSE
	EndGlobalSection
	GlobalSection(ExtensibilityGlobals) = postSolution
		SolutionGuid = {94D77900-5A91-4AEB-AFDF-D18D55C7B289}
	EndGlobalSection
EndGlobal
