
Microsoft Visual Studio Solution File, Format Version 12.00
# Visual Studio Version 16
VisualStudioVersion = 16.0.32901.82
MinimumVisualStudioVersion = 10.0.40219.1
Project("{FAE04EC0-301F-11D3-BF4B-00C04F79EFBC}") = "Assignment5", "Assignment5\Assignment5.csproj", "{34DBCA4C-5DB5-41EC-BEF7-092A0FC4AF02}"
EndProject
Global
	GlobalSection(SolutionConfigurationPlatforms) = preSolution
		Debug|Any CPU = Debug|Any CPU
		Release|Any CPU = Release|Any CPU
	EndGlobalSection
	GlobalSection(ProjectConfigurationPlatforms) = postSolution
		{34DBCA4C-5DB5-41EC-BEF7-092A0FC4AF02}.Debug|Any CPU.ActiveCfg = Debug|Any CPU
		{34DBCA4C-5DB5-41EC-BEF7-092A0FC4AF02}.Debug|Any CPU.Build.0 = Debug|Any CPU
		{34DBCA4C-5DB5-41EC-BEF7-092A0FC4AF02}.Release|Any CPU.ActiveCfg = Release|Any CPU
		{34DBCA4C-5DB5-41EC-BEF7-092A0FC4AF02}.Release|Any CPU.Build.0 = Release|Any CPU
	EndGlobalSection
	GlobalSection(SolutionProperties) = preSolution
		HideSolutionNode = FALSE
	EndGlobalSection
	GlobalSection(ExtensibilityGlobals) = postSolution
		SolutionGuid = {FC214E88-1303-4114-A585-A46BDFA302F4}
	EndGlobalSection
EndGlobal
