
Microsoft Visual Studio Solution File, Format Version 12.00
# Visual Studio Version 16
VisualStudioVersion = 16.0.32901.82
MinimumVisualStudioVersion = 10.0.40219.1
Project("{FAE04EC0-301F-11D3-BF4B-00C04F79EFBC}") = "MinandMaxValueofArray", "MinandMaxValueofArray\MinandMaxValueofArray.csproj", "{55104B11-0B73-4BFD-BACF-1C076D8B2FCF}"
EndProject
Global
	GlobalSection(SolutionConfigurationPlatforms) = preSolution
		Debug|Any CPU = Debug|Any CPU
		Release|Any CPU = Release|Any CPU
	EndGlobalSection
	GlobalSection(ProjectConfigurationPlatforms) = postSolution
		{55104B11-0B73-4BFD-BACF-1C076D8B2FCF}.Debug|Any CPU.ActiveCfg = Debug|Any CPU
		{55104B11-0B73-4BFD-BACF-1C076D8B2FCF}.Debug|Any CPU.Build.0 = Debug|Any CPU
		{55104B11-0B73-4BFD-BACF-1C076D8B2FCF}.Release|Any CPU.ActiveCfg = Release|Any CPU
		{55104B11-0B73-4BFD-BACF-1C076D8B2FCF}.Release|Any CPU.Build.0 = Release|Any CPU
	EndGlobalSection
	GlobalSection(SolutionProperties) = preSolution
		HideSolutionNode = FALSE
	EndGlobalSection
	GlobalSection(ExtensibilityGlobals) = postSolution
		SolutionGuid = {1F51C8F1-F81F-4FB4-9732-8C020E70C60B}
	EndGlobalSection
EndGlobal
