
Microsoft Visual Studio Solution File, Format Version 12.00
# Visual Studio Version 16
VisualStudioVersion = 16.0.32901.82
MinimumVisualStudioVersion = 10.0.40219.1
Project("{FAE04EC0-301F-11D3-BF4B-00C04F79EFBC}") = "CodeBasedTest", "CodeBasedTest\CodeBasedTest.csproj", "{4005A1A8-651C-4978-87CC-3607AA913090}"
EndProject
Global
	GlobalSection(SolutionConfigurationPlatforms) = preSolution
		Debug|Any CPU = Debug|Any CPU
		Release|Any CPU = Release|Any CPU
	EndGlobalSection
	GlobalSection(ProjectConfigurationPlatforms) = postSolution
		{4005A1A8-651C-4978-87CC-3607AA913090}.Debug|Any CPU.ActiveCfg = Debug|Any CPU
		{4005A1A8-651C-4978-87CC-3607AA913090}.Debug|Any CPU.Build.0 = Debug|Any CPU
		{4005A1A8-651C-4978-87CC-3607AA913090}.Release|Any CPU.ActiveCfg = Release|Any CPU
		{4005A1A8-651C-4978-87CC-3607AA913090}.Release|Any CPU.Build.0 = Release|Any CPU
	EndGlobalSection
	GlobalSection(SolutionProperties) = preSolution
		HideSolutionNode = FALSE
	EndGlobalSection
	GlobalSection(ExtensibilityGlobals) = postSolution
		SolutionGuid = {89C15ACF-C9EE-4C5B-9FA0-D83625D13723}
	EndGlobalSection
EndGlobal
