
Microsoft Visual Studio Solution File, Format Version 12.00
# Visual Studio Version 16
VisualStudioVersion = 16.0.32901.82
MinimumVisualStudioVersion = 10.0.40219.1
Project("{FAE04EC0-301F-11D3-BF4B-00C04F79EFBC}") = "EqualOrNotProgram", "EqualOrNotProgram\EqualOrNotProgram.csproj", "{ED5CFE28-5D55-48B3-AE72-5FE31A283C7F}"
EndProject
Global
	GlobalSection(SolutionConfigurationPlatforms) = preSolution
		Debug|Any CPU = Debug|Any CPU
		Release|Any CPU = Release|Any CPU
	EndGlobalSection
	GlobalSection(ProjectConfigurationPlatforms) = postSolution
		{ED5CFE28-5D55-48B3-AE72-5FE31A283C7F}.Debug|Any CPU.ActiveCfg = Debug|Any CPU
		{ED5CFE28-5D55-48B3-AE72-5FE31A283C7F}.Debug|Any CPU.Build.0 = Debug|Any CPU
		{ED5CFE28-5D55-48B3-AE72-5FE31A283C7F}.Release|Any CPU.ActiveCfg = Release|Any CPU
		{ED5CFE28-5D55-48B3-AE72-5FE31A283C7F}.Release|Any CPU.Build.0 = Release|Any CPU
	EndGlobalSection
	GlobalSection(SolutionProperties) = preSolution
		HideSolutionNode = FALSE
	EndGlobalSection
	GlobalSection(ExtensibilityGlobals) = postSolution
		SolutionGuid = {35010C41-5A66-4B73-BB50-9D7A37B51826}
	EndGlobalSection
EndGlobal
